
Microsoft Visual Studio Solution File, Format Version 12.00
# Visual Studio Version 17
VisualStudioVersion = 17.13.35828.75 d17.13
MinimumVisualStudioVersion = 10.0.40219.1
Project("{FAE04EC0-301F-11D3-BF4B-00C04F79EFBC}") = "To-Do-List", "To-Do-List\To-Do-List.csproj", "{8D38F46D-062E-474E-9F24-B8CC053C1566}"
EndProject
Global
	GlobalSection(SolutionConfigurationPlatforms) = preSolution
		Debug|Any CPU = Debug|Any CPU
		Release|Any CPU = Release|Any CPU
	EndGlobalSection
	GlobalSection(ProjectConfigurationPlatforms) = postSolution
		{8D38F46D-062E-474E-9F24-B8CC053C1566}.Debug|Any CPU.ActiveCfg = Debug|Any CPU
		{8D38F46D-062E-474E-9F24-B8CC053C1566}.Debug|Any CPU.Build.0 = Debug|Any CPU
		{8D38F46D-062E-474E-9F24-B8CC053C1566}.Release|Any CPU.ActiveCfg = Release|Any CPU
		{8D38F46D-062E-474E-9F24-B8CC053C1566}.Release|Any CPU.Build.0 = Release|Any CPU
	EndGlobalSection
	GlobalSection(SolutionProperties) = preSolution
		HideSolutionNode = FALSE
	EndGlobalSection
	GlobalSection(ExtensibilityGlobals) = postSolution
		SolutionGuid = {581C130D-EC06-4FC0-BBE4-A6F5BEBD5865}
	EndGlobalSection
EndGlobal
